// !$*UTF8*$!
{
	archiveVersion = 1;
	classes = {
	};
	objectVersion = 46;
	objects = {

/* Begin PBXBuildFile section */
		76021A1218D722AE00E55012 /* main-bgr-color.jpg in Resources */ = {isa = PBXBuildFile; fileRef = 76021A1018D722AE00E55012 /* main-bgr-color.jpg */; };
		76021A1318D722AE00E55012 /* main-bgr-gray.jpg in Resources */ = {isa = PBXBuildFile; fileRef = 76021A1118D722AE00E55012 /* main-bgr-gray.jpg */; };
		76021A1B18D9996600E55012 /* team-bgr.png in Resources */ = {isa = PBXBuildFile; fileRef = 76021A1A18D9996600E55012 /* team-bgr.png */; };
		76021A2018D9BC6C00E55012 /* white-cirkle.png in Resources */ = {isa = PBXBuildFile; fileRef = 76021A1F18D9BC6C00E55012 /* white-cirkle.png */; };
		76021A2318D9E9C000E55012 /* UIView+TLMotionEffect.m in Sources */ = {isa = PBXBuildFile; fileRef = 76021A2218D9E9C000E55012 /* UIView+TLMotionEffect.m */; };
		76126B1418604A9000FD8EA7 /* Foundation.framework in Frameworks */ = {isa = PBXBuildFile; fileRef = 76126B1318604A9000FD8EA7 /* Foundation.framework */; };
		76126B1618604A9000FD8EA7 /* CoreGraphics.framework in Frameworks */ = {isa = PBXBuildFile; fileRef = 76126B1518604A9000FD8EA7 /* CoreGraphics.framework */; };
		76126B1818604A9000FD8EA7 /* UIKit.framework in Frameworks */ = {isa = PBXBuildFile; fileRef = 76126B1718604A9000FD8EA7 /* UIKit.framework */; };
		76126B1E18604A9000FD8EA7 /* InfoPlist.strings in Resources */ = {isa = PBXBuildFile; fileRef = 76126B1C18604A9000FD8EA7 /* InfoPlist.strings */; };
		76126B2018604A9000FD8EA7 /* main.m in Sources */ = {isa = PBXBuildFile; fileRef = 76126B1F18604A9000FD8EA7 /* main.m */; };
		76126B2418604A9000FD8EA7 /* AppDelegate.m in Sources */ = {isa = PBXBuildFile; fileRef = 76126B2318604A9000FD8EA7 /* AppDelegate.m */; };
		76126B2718604A9000FD8EA7 /* Main.storyboard in Resources */ = {isa = PBXBuildFile; fileRef = 76126B2518604A9000FD8EA7 /* Main.storyboard */; };
		76126B2A18604A9000FD8EA7 /* SignInViewController.m in Sources */ = {isa = PBXBuildFile; fileRef = 76126B2918604A9000FD8EA7 /* SignInViewController.m */; };
		76126B2C18604A9000FD8EA7 /* Images.xcassets in Resources */ = {isa = PBXBuildFile; fileRef = 76126B2B18604A9000FD8EA7 /* Images.xcassets */; };
		76126B3318604A9000FD8EA7 /* XCTest.framework in Frameworks */ = {isa = PBXBuildFile; fileRef = 76126B3218604A9000FD8EA7 /* XCTest.framework */; };
		76126B3418604A9000FD8EA7 /* Foundation.framework in Frameworks */ = {isa = PBXBuildFile; fileRef = 76126B1318604A9000FD8EA7 /* Foundation.framework */; };
		76126B3518604A9000FD8EA7 /* UIKit.framework in Frameworks */ = {isa = PBXBuildFile; fileRef = 76126B1718604A9000FD8EA7 /* UIKit.framework */; };
		76126B3D18604A9000FD8EA7 /* InfoPlist.strings in Resources */ = {isa = PBXBuildFile; fileRef = 76126B3B18604A9000FD8EA7 /* InfoPlist.strings */; };
		76126B3F18604A9000FD8EA7 /* BackOfficeTests.m in Sources */ = {isa = PBXBuildFile; fileRef = 76126B3E18604A9000FD8EA7 /* BackOfficeTests.m */; };
		76126B4A18605ED000FD8EA7 /* MainViewController.m in Sources */ = {isa = PBXBuildFile; fileRef = 76126B4918605ED000FD8EA7 /* MainViewController.m */; };
		76126B4D18605EE000FD8EA7 /* InfoViewController.m in Sources */ = {isa = PBXBuildFile; fileRef = 76126B4C18605EE000FD8EA7 /* InfoViewController.m */; };
		76209C2618D344DA00D04ACB /* UIColor+Color.m in Sources */ = {isa = PBXBuildFile; fileRef = 76209C2518D344DA00D04ACB /* UIColor+Color.m */; };
		76209C2918D3452B00D04ACB /* BackgroundVC.m in Sources */ = {isa = PBXBuildFile; fileRef = 76209C2818D3452B00D04ACB /* BackgroundVC.m */; };
		76209C2C18D4512600D04ACB /* SwipeCellStyle.m in Sources */ = {isa = PBXBuildFile; fileRef = 76209C2B18D4512600D04ACB /* SwipeCellStyle.m */; };
		76209C3718D488EF00D04ACB /* TaskTransactions.m in Sources */ = {isa = PBXBuildFile; fileRef = 76209C3618D488EF00D04ACB /* TaskTransactions.m */; };
		76209C4618D6C4B500D04ACB /* main-begin.png in Resources */ = {isa = PBXBuildFile; fileRef = 76209C4518D6C4B500D04ACB /* main-begin.png */; };
		76209C4A18D6C6AE00D04ACB /* main-assign.png in Resources */ = {isa = PBXBuildFile; fileRef = 76209C4718D6C6AE00D04ACB /* main-assign.png */; };
		76209C4B18D6C6AE00D04ACB /* main-done.png in Resources */ = {isa = PBXBuildFile; fileRef = 76209C4818D6C6AE00D04ACB /* main-done.png */; };
		76209C4C18D6C6AE00D04ACB /* main-pause.png in Resources */ = {isa = PBXBuildFile; fileRef = 76209C4918D6C6AE00D04ACB /* main-pause.png */; };
		762ACCAF189BDEB5007F3BF9 /* TeamInfo.m in Sources */ = {isa = PBXBuildFile; fileRef = 762ACCAE189BDEB5007F3BF9 /* TeamInfo.m */; };
		7634FD0118D1FA8100D5A721 /* main-bgr.png in Resources */ = {isa = PBXBuildFile; fileRef = 7634FCFE18D1FA8100D5A721 /* main-bgr.png */; };
		7634FD0218D1FA8100D5A721 /* main-team-icon.png in Resources */ = {isa = PBXBuildFile; fileRef = 7634FCFF18D1FA8100D5A721 /* main-team-icon.png */; };
		7634FD0318D1FA8100D5A721 /* main-workh-icon.png in Resources */ = {isa = PBXBuildFile; fileRef = 7634FD0018D1FA8100D5A721 /* main-workh-icon.png */; };
		76405FD018893BDC00D5F6F7 /* TeamViewController.m in Sources */ = {isa = PBXBuildFile; fileRef = 76405FCF18893BDC00D5F6F7 /* TeamViewController.m */; };
		76703A66188FA22400094F73 /* WorkedTableDataSource.m in Sources */ = {isa = PBXBuildFile; fileRef = 76703A65188FA22400094F73 /* WorkedTableDataSource.m */; };
		7670EF2E18DAEF5600519E17 /* team-offline-icon.png in Resources */ = {isa = PBXBuildFile; fileRef = 7670EF2D18DAEF5600519E17 /* team-offline-icon.png */; };
		7670EF3018DAEF5F00519E17 /* team-online-icon.png in Resources */ = {isa = PBXBuildFile; fileRef = 7670EF2F18DAEF5F00519E17 /* team-online-icon.png */; };
		7670EF3418DAF54B00519E17 /* team-offline-new.png in Resources */ = {isa = PBXBuildFile; fileRef = 7670EF3318DAF54B00519E17 /* team-offline-new.png */; };
		7670EF3618DAF5E400519E17 /* team-offline-2.png in Resources */ = {isa = PBXBuildFile; fileRef = 7670EF3518DAF5E400519E17 /* team-offline-2.png */; };
		7670EF3818DB32E200519E17 /* person-vertical-line.png in Resources */ = {isa = PBXBuildFile; fileRef = 7670EF3718DB32E200519E17 /* person-vertical-line.png */; };
		7671ABC618D1D5D500A40694 /* login-bgr.png in Resources */ = {isa = PBXBuildFile; fileRef = 7671ABC418D1D5D500A40694 /* login-bgr.png */; };
		7671ABC718D1D5D500A40694 /* login-button.png in Resources */ = {isa = PBXBuildFile; fileRef = 7671ABC518D1D5D500A40694 /* login-button.png */; };
		7693EF0C18A12F6C003A3E6F /* AddressBook.framework in Frameworks */ = {isa = PBXBuildFile; fileRef = 7693EF0B18A12F6C003A3E6F /* AddressBook.framework */; };
		7693EF0E18A12F82003A3E6F /* MessageUI.framework in Frameworks */ = {isa = PBXBuildFile; fileRef = 7693EF0D18A12F82003A3E6F /* MessageUI.framework */; };
		7693EF1018A22B26003A3E6F /* MBProgressHUD.m in Sources */ = {isa = PBXBuildFile; fileRef = 7693EF0F18A22B26003A3E6F /* MBProgressHUD.m */; };
		76B6EFAE189FB617008C5D3D /* CustomCell.m in Sources */ = {isa = PBXBuildFile; fileRef = 76B6EFAD189FB617008C5D3D /* CustomCell.m */; };
		76B6EFB118A0CD3D008C5D3D /* PersonInfoVC.m in Sources */ = {isa = PBXBuildFile; fileRef = 76B6EFB018A0CD3D008C5D3D /* PersonInfoVC.m */; };
		76B79E2218AE000F003C6028 /* TaskDetailsViewController.m in Sources */ = {isa = PBXBuildFile; fileRef = 76B79E2118AE000F003C6028 /* TaskDetailsViewController.m */; };
		76B86DC618D70A300090D5C1 /* main-points.png in Resources */ = {isa = PBXBuildFile; fileRef = 76B86DC518D70A300090D5C1 /* main-points.png */; };
		76B86DCA18D7122A0090D5C1 /* main-task-for-work.png in Resources */ = {isa = PBXBuildFile; fileRef = 76B86DC718D7122A0090D5C1 /* main-task-for-work.png */; };
		76B86DCB18D7122A0090D5C1 /* main-task-pause.png in Resources */ = {isa = PBXBuildFile; fileRef = 76B86DC818D7122A0090D5C1 /* main-task-pause.png */; };
		76B86DCC18D7122A0090D5C1 /* main-task-work.png in Resources */ = {isa = PBXBuildFile; fileRef = 76B86DC918D7122A0090D5C1 /* main-task-work.png */; };
		76D779BE18EFF30500D18D56 /* BashSAVC.m in Sources */ = {isa = PBXBuildFile; fileRef = 76D779BD18EFF30400D18D56 /* BashSAVC.m */; };
		76ED0F6B18DC2B46001349DF /* person-date-icon.png in Resources */ = {isa = PBXBuildFile; fileRef = 76ED0F6518DC2B46001349DF /* person-date-icon.png */; };
		76ED0F6D18DC2B46001349DF /* person-dep-ison.png in Resources */ = {isa = PBXBuildFile; fileRef = 76ED0F6718DC2B46001349DF /* person-dep-ison.png */; };
		76ED0F6E18DC2B46001349DF /* person-email-icon.png in Resources */ = {isa = PBXBuildFile; fileRef = 76ED0F6818DC2B46001349DF /* person-email-icon.png */; };
		76ED0F6F18DC2B46001349DF /* person-phone-icon.png in Resources */ = {isa = PBXBuildFile; fileRef = 76ED0F6918DC2B46001349DF /* person-phone-icon.png */; };
		76ED0F7018DC2B46001349DF /* person-skype-icon.png in Resources */ = {isa = PBXBuildFile; fileRef = 76ED0F6A18DC2B46001349DF /* person-skype-icon.png */; };
		76ED0F7218DF02C1001349DF /* main-online-circle.png in Resources */ = {isa = PBXBuildFile; fileRef = 76ED0F7118DF02C1001349DF /* main-online-circle.png */; };
		AC447C47C1CE4C4099D9D769 /* libPods.a in Frameworks */ = {isa = PBXBuildFile; fileRef = 8C5A7FD7E3E942B3B9EB22AE /* libPods.a */; };
/* End PBXBuildFile section */

/* Begin PBXContainerItemProxy section */
		76126B3618604A9000FD8EA7 /* PBXContainerItemProxy */ = {
			isa = PBXContainerItemProxy;
			containerPortal = 76126B0818604A9000FD8EA7 /* Project object */;
			proxyType = 1;
			remoteGlobalIDString = 76126B0F18604A9000FD8EA7;
			remoteInfo = BackOffice;
		};
/* End PBXContainerItemProxy section */

/* Begin PBXFileReference section */
		3A3738CE11A04ABF818B74E8 /* Pods.xcconfig */ = {isa = PBXFileReference; includeInIndex = 1; lastKnownFileType = text.xcconfig; name = Pods.xcconfig; path = Pods/Pods.xcconfig; sourceTree = "<group>"; };
		76021A1018D722AE00E55012 /* main-bgr-color.jpg */ = {isa = PBXFileReference; lastKnownFileType = image.jpeg; path = "main-bgr-color.jpg"; sourceTree = "<group>"; };
		76021A1118D722AE00E55012 /* main-bgr-gray.jpg */ = {isa = PBXFileReference; lastKnownFileType = image.jpeg; path = "main-bgr-gray.jpg"; sourceTree = "<group>"; };
		76021A1A18D9996600E55012 /* team-bgr.png */ = {isa = PBXFileReference; lastKnownFileType = image.png; path = "team-bgr.png"; sourceTree = "<group>"; };
		76021A1F18D9BC6C00E55012 /* white-cirkle.png */ = {isa = PBXFileReference; lastKnownFileType = image.png; path = "white-cirkle.png"; sourceTree = "<group>"; };
		76021A2118D9E9B700E55012 /* UIView+TLMotionEffect.h */ = {isa = PBXFileReference; lastKnownFileType = sourcecode.c.h; path = "UIView+TLMotionEffect.h"; sourceTree = "<group>"; };
		76021A2218D9E9C000E55012 /* UIView+TLMotionEffect.m */ = {isa = PBXFileReference; fileEncoding = 4; lastKnownFileType = sourcecode.c.objc; path = "UIView+TLMotionEffect.m"; sourceTree = "<group>"; };
		76126B1018604A9000FD8EA7 /* BackOffice.app */ = {isa = PBXFileReference; explicitFileType = wrapper.application; includeInIndex = 0; path = BackOffice.app; sourceTree = BUILT_PRODUCTS_DIR; };
		76126B1318604A9000FD8EA7 /* Foundation.framework */ = {isa = PBXFileReference; lastKnownFileType = wrapper.framework; name = Foundation.framework; path = System/Library/Frameworks/Foundation.framework; sourceTree = SDKROOT; };
		76126B1518604A9000FD8EA7 /* CoreGraphics.framework */ = {isa = PBXFileReference; lastKnownFileType = wrapper.framework; name = CoreGraphics.framework; path = System/Library/Frameworks/CoreGraphics.framework; sourceTree = SDKROOT; };
		76126B1718604A9000FD8EA7 /* UIKit.framework */ = {isa = PBXFileReference; lastKnownFileType = wrapper.framework; name = UIKit.framework; path = System/Library/Frameworks/UIKit.framework; sourceTree = SDKROOT; };
		76126B1B18604A9000FD8EA7 /* BackOffice-Info.plist */ = {isa = PBXFileReference; lastKnownFileType = text.plist.xml; path = "BackOffice-Info.plist"; sourceTree = "<group>"; };
		76126B1D18604A9000FD8EA7 /* en */ = {isa = PBXFileReference; lastKnownFileType = text.plist.strings; name = en; path = en.lproj/InfoPlist.strings; sourceTree = "<group>"; };
		76126B1F18604A9000FD8EA7 /* main.m */ = {isa = PBXFileReference; lastKnownFileType = sourcecode.c.objc; path = main.m; sourceTree = "<group>"; };
		76126B2118604A9000FD8EA7 /* BackOffice-Prefix.pch */ = {isa = PBXFileReference; lastKnownFileType = sourcecode.c.h; path = "BackOffice-Prefix.pch"; sourceTree = "<group>"; };
		76126B2218604A9000FD8EA7 /* AppDelegate.h */ = {isa = PBXFileReference; lastKnownFileType = sourcecode.c.h; path = AppDelegate.h; sourceTree = "<group>"; };
		76126B2318604A9000FD8EA7 /* AppDelegate.m */ = {isa = PBXFileReference; lastKnownFileType = sourcecode.c.objc; path = AppDelegate.m; sourceTree = "<group>"; };
		76126B2618604A9000FD8EA7 /* Base */ = {isa = PBXFileReference; lastKnownFileType = file.storyboard; name = Base; path = Base.lproj/Main.storyboard; sourceTree = "<group>"; };
		76126B2818604A9000FD8EA7 /* SignInViewController.h */ = {isa = PBXFileReference; lastKnownFileType = sourcecode.c.h; path = SignInViewController.h; sourceTree = "<group>"; };
		76126B2918604A9000FD8EA7 /* SignInViewController.m */ = {isa = PBXFileReference; lastKnownFileType = sourcecode.c.objc; path = SignInViewController.m; sourceTree = "<group>"; };
		76126B2B18604A9000FD8EA7 /* Images.xcassets */ = {isa = PBXFileReference; lastKnownFileType = folder.assetcatalog; path = Images.xcassets; sourceTree = "<group>"; };
		76126B3118604A9000FD8EA7 /* BackOfficeTests.xctest */ = {isa = PBXFileReference; explicitFileType = wrapper.cfbundle; includeInIndex = 0; path = BackOfficeTests.xctest; sourceTree = BUILT_PRODUCTS_DIR; };
		76126B3218604A9000FD8EA7 /* XCTest.framework */ = {isa = PBXFileReference; lastKnownFileType = wrapper.framework; name = XCTest.framework; path = Library/Frameworks/XCTest.framework; sourceTree = DEVELOPER_DIR; };
		76126B3A18604A9000FD8EA7 /* BackOfficeTests-Info.plist */ = {isa = PBXFileReference; lastKnownFileType = text.plist.xml; path = "BackOfficeTests-Info.plist"; sourceTree = "<group>"; };
		76126B3C18604A9000FD8EA7 /* en */ = {isa = PBXFileReference; lastKnownFileType = text.plist.strings; name = en; path = en.lproj/InfoPlist.strings; sourceTree = "<group>"; };
		76126B3E18604A9000FD8EA7 /* BackOfficeTests.m */ = {isa = PBXFileReference; lastKnownFileType = sourcecode.c.objc; path = BackOfficeTests.m; sourceTree = "<group>"; };
		76126B4818605ED000FD8EA7 /* MainViewController.h */ = {isa = PBXFileReference; fileEncoding = 4; lastKnownFileType = sourcecode.c.h; path = MainViewController.h; sourceTree = "<group>"; };
		76126B4918605ED000FD8EA7 /* MainViewController.m */ = {isa = PBXFileReference; fileEncoding = 4; lastKnownFileType = sourcecode.c.objc; path = MainViewController.m; sourceTree = "<group>"; };
		76126B4B18605EE000FD8EA7 /* InfoViewController.h */ = {isa = PBXFileReference; fileEncoding = 4; lastKnownFileType = sourcecode.c.h; path = InfoViewController.h; sourceTree = "<group>"; };
		76126B4C18605EE000FD8EA7 /* InfoViewController.m */ = {isa = PBXFileReference; fileEncoding = 4; lastKnownFileType = sourcecode.c.objc; path = InfoViewController.m; sourceTree = "<group>"; };
		76209C2418D344DA00D04ACB /* UIColor+Color.h */ = {isa = PBXFileReference; fileEncoding = 4; lastKnownFileType = sourcecode.c.h; path = "UIColor+Color.h"; sourceTree = "<group>"; };
		76209C2518D344DA00D04ACB /* UIColor+Color.m */ = {isa = PBXFileReference; fileEncoding = 4; lastKnownFileType = sourcecode.c.objc; path = "UIColor+Color.m"; sourceTree = "<group>"; };
		76209C2718D3452B00D04ACB /* BackgroundVC.h */ = {isa = PBXFileReference; fileEncoding = 4; lastKnownFileType = sourcecode.c.h; path = BackgroundVC.h; sourceTree = "<group>"; };
		76209C2818D3452B00D04ACB /* BackgroundVC.m */ = {isa = PBXFileReference; fileEncoding = 4; lastKnownFileType = sourcecode.c.objc; path = BackgroundVC.m; sourceTree = "<group>"; };
		76209C2A18D4512600D04ACB /* SwipeCellStyle.h */ = {isa = PBXFileReference; fileEncoding = 4; lastKnownFileType = sourcecode.c.h; path = SwipeCellStyle.h; sourceTree = "<group>"; };
		76209C2B18D4512600D04ACB /* SwipeCellStyle.m */ = {isa = PBXFileReference; fileEncoding = 4; lastKnownFileType = sourcecode.c.objc; path = SwipeCellStyle.m; sourceTree = "<group>"; };
		76209C3618D488EF00D04ACB /* TaskTransactions.m */ = {isa = PBXFileReference; fileEncoding = 4; lastKnownFileType = sourcecode.c.objc; path = TaskTransactions.m; sourceTree = "<group>"; };
		76209C3818D488F800D04ACB /* TaskTransactions.h */ = {isa = PBXFileReference; lastKnownFileType = sourcecode.c.h; path = TaskTransactions.h; sourceTree = "<group>"; };
		76209C4518D6C4B500D04ACB /* main-begin.png */ = {isa = PBXFileReference; lastKnownFileType = image.png; path = "main-begin.png"; sourceTree = "<group>"; };
		76209C4718D6C6AE00D04ACB /* main-assign.png */ = {isa = PBXFileReference; lastKnownFileType = image.png; path = "main-assign.png"; sourceTree = "<group>"; };
		76209C4818D6C6AE00D04ACB /* main-done.png */ = {isa = PBXFileReference; lastKnownFileType = image.png; path = "main-done.png"; sourceTree = "<group>"; };
		76209C4918D6C6AE00D04ACB /* main-pause.png */ = {isa = PBXFileReference; lastKnownFileType = image.png; path = "main-pause.png"; sourceTree = "<group>"; };
		762ACCAD189BDEB5007F3BF9 /* TeamInfo.h */ = {isa = PBXFileReference; fileEncoding = 4; lastKnownFileType = sourcecode.c.h; path = TeamInfo.h; sourceTree = "<group>"; };
		762ACCAE189BDEB5007F3BF9 /* TeamInfo.m */ = {isa = PBXFileReference; fileEncoding = 4; lastKnownFileType = sourcecode.c.objc; path = TeamInfo.m; sourceTree = "<group>"; };
		7634FCFE18D1FA8100D5A721 /* main-bgr.png */ = {isa = PBXFileReference; lastKnownFileType = image.png; path = "main-bgr.png"; sourceTree = "<group>"; };
		7634FCFF18D1FA8100D5A721 /* main-team-icon.png */ = {isa = PBXFileReference; lastKnownFileType = image.png; path = "main-team-icon.png"; sourceTree = "<group>"; };
		7634FD0018D1FA8100D5A721 /* main-workh-icon.png */ = {isa = PBXFileReference; lastKnownFileType = image.png; path = "main-workh-icon.png"; sourceTree = "<group>"; };
		76405FCE18893BDC00D5F6F7 /* TeamViewController.h */ = {isa = PBXFileReference; fileEncoding = 4; lastKnownFileType = sourcecode.c.h; path = TeamViewController.h; sourceTree = "<group>"; };
		76405FCF18893BDC00D5F6F7 /* TeamViewController.m */ = {isa = PBXFileReference; fileEncoding = 4; lastKnownFileType = sourcecode.c.objc; path = TeamViewController.m; sourceTree = "<group>"; };
		76703A64188FA22400094F73 /* WorkedTableDataSource.h */ = {isa = PBXFileReference; fileEncoding = 4; lastKnownFileType = sourcecode.c.h; path = WorkedTableDataSource.h; sourceTree = "<group>"; };
		76703A65188FA22400094F73 /* WorkedTableDataSource.m */ = {isa = PBXFileReference; fileEncoding = 4; lastKnownFileType = sourcecode.c.objc; path = WorkedTableDataSource.m; sourceTree = "<group>"; };
		7670EF2D18DAEF5600519E17 /* team-offline-icon.png */ = {isa = PBXFileReference; lastKnownFileType = image.png; path = "team-offline-icon.png"; sourceTree = "<group>"; };
		7670EF2F18DAEF5F00519E17 /* team-online-icon.png */ = {isa = PBXFileReference; lastKnownFileType = image.png; path = "team-online-icon.png"; sourceTree = "<group>"; };
		7670EF3318DAF54B00519E17 /* team-offline-new.png */ = {isa = PBXFileReference; lastKnownFileType = image.png; path = "team-offline-new.png"; sourceTree = "<group>"; };
		7670EF3518DAF5E400519E17 /* team-offline-2.png */ = {isa = PBXFileReference; lastKnownFileType = image.png; path = "team-offline-2.png"; sourceTree = "<group>"; };
		7670EF3718DB32E200519E17 /* person-vertical-line.png */ = {isa = PBXFileReference; lastKnownFileType = image.png; path = "person-vertical-line.png"; sourceTree = "<group>"; };
		7671ABC418D1D5D500A40694 /* login-bgr.png */ = {isa = PBXFileReference; lastKnownFileType = image.png; path = "login-bgr.png"; sourceTree = "<group>"; };
		7671ABC518D1D5D500A40694 /* login-button.png */ = {isa = PBXFileReference; lastKnownFileType = image.png; path = "login-button.png"; sourceTree = "<group>"; };
		7693EF0B18A12F6C003A3E6F /* AddressBook.framework */ = {isa = PBXFileReference; lastKnownFileType = wrapper.framework; name = AddressBook.framework; path = System/Library/Frameworks/AddressBook.framework; sourceTree = SDKROOT; };
		7693EF0D18A12F82003A3E6F /* MessageUI.framework */ = {isa = PBXFileReference; lastKnownFileType = wrapper.framework; name = MessageUI.framework; path = System/Library/Frameworks/MessageUI.framework; sourceTree = SDKROOT; };
		7693EF0F18A22B26003A3E6F /* MBProgressHUD.m */ = {isa = PBXFileReference; fileEncoding = 4; lastKnownFileType = sourcecode.c.objc; path = MBProgressHUD.m; sourceTree = "<group>"; };
		7693EF1118A22B32003A3E6F /* MBProgressHUD.h */ = {isa = PBXFileReference; lastKnownFileType = sourcecode.c.h; path = MBProgressHUD.h; sourceTree = "<group>"; };
		76B6EFAC189FB617008C5D3D /* CustomCell.h */ = {isa = PBXFileReference; fileEncoding = 4; lastKnownFileType = sourcecode.c.h; path = CustomCell.h; sourceTree = "<group>"; };
		76B6EFAD189FB617008C5D3D /* CustomCell.m */ = {isa = PBXFileReference; fileEncoding = 4; lastKnownFileType = sourcecode.c.objc; path = CustomCell.m; sourceTree = "<group>"; };
		76B6EFAF18A0CD3D008C5D3D /* PersonInfoVC.h */ = {isa = PBXFileReference; fileEncoding = 4; lastKnownFileType = sourcecode.c.h; path = PersonInfoVC.h; sourceTree = "<group>"; };
		76B6EFB018A0CD3D008C5D3D /* PersonInfoVC.m */ = {isa = PBXFileReference; fileEncoding = 4; lastKnownFileType = sourcecode.c.objc; path = PersonInfoVC.m; sourceTree = "<group>"; };
		76B79E2018AE000F003C6028 /* TaskDetailsViewController.h */ = {isa = PBXFileReference; fileEncoding = 4; lastKnownFileType = sourcecode.c.h; path = TaskDetailsViewController.h; sourceTree = "<group>"; };
		76B79E2118AE000F003C6028 /* TaskDetailsViewController.m */ = {isa = PBXFileReference; fileEncoding = 4; lastKnownFileType = sourcecode.c.objc; path = TaskDetailsViewController.m; sourceTree = "<group>"; };
		76B86DC518D70A300090D5C1 /* main-points.png */ = {isa = PBXFileReference; lastKnownFileType = image.png; path = "main-points.png"; sourceTree = "<group>"; };
		76B86DC718D7122A0090D5C1 /* main-task-for-work.png */ = {isa = PBXFileReference; lastKnownFileType = image.png; path = "main-task-for-work.png"; sourceTree = "<group>"; };
		76B86DC818D7122A0090D5C1 /* main-task-pause.png */ = {isa = PBXFileReference; lastKnownFileType = image.png; path = "main-task-pause.png"; sourceTree = "<group>"; };
		76B86DC918D7122A0090D5C1 /* main-task-work.png */ = {isa = PBXFileReference; lastKnownFileType = image.png; path = "main-task-work.png"; sourceTree = "<group>"; };
		76D779BC18EFF30400D18D56 /* BashSAVC.h */ = {isa = PBXFileReference; fileEncoding = 4; lastKnownFileType = sourcecode.c.h; path = BashSAVC.h; sourceTree = "<group>"; };
		76D779BD18EFF30400D18D56 /* BashSAVC.m */ = {isa = PBXFileReference; fileEncoding = 4; lastKnownFileType = sourcecode.c.objc; path = BashSAVC.m; sourceTree = "<group>"; };
		76ED0F6518DC2B46001349DF /* person-date-icon.png */ = {isa = PBXFileReference; lastKnownFileType = image.png; path = "person-date-icon.png"; sourceTree = "<group>"; };
		76ED0F6718DC2B46001349DF /* person-dep-ison.png */ = {isa = PBXFileReference; lastKnownFileType = image.png; path = "person-dep-ison.png"; sourceTree = "<group>"; };
		76ED0F6818DC2B46001349DF /* person-email-icon.png */ = {isa = PBXFileReference; lastKnownFileType = image.png; path = "person-email-icon.png"; sourceTree = "<group>"; };
		76ED0F6918DC2B46001349DF /* person-phone-icon.png */ = {isa = PBXFileReference; lastKnownFileType = image.png; path = "person-phone-icon.png"; sourceTree = "<group>"; };
		76ED0F6A18DC2B46001349DF /* person-skype-icon.png */ = {isa = PBXFileReference; lastKnownFileType = image.png; path = "person-skype-icon.png"; sourceTree = "<group>"; };
		76ED0F7118DF02C1001349DF /* main-online-circle.png */ = {isa = PBXFileReference; lastKnownFileType = image.png; path = "main-online-circle.png"; sourceTree = "<group>"; };
		8C5A7FD7E3E942B3B9EB22AE /* libPods.a */ = {isa = PBXFileReference; explicitFileType = archive.ar; includeInIndex = 0; path = libPods.a; sourceTree = BUILT_PRODUCTS_DIR; };
/* End PBXFileReference section */

/* Begin PBXFrameworksBuildPhase section */
		76126B0D18604A9000FD8EA7 /* Frameworks */ = {
			isa = PBXFrameworksBuildPhase;
			buildActionMask = 2147483647;
			files = (
				7693EF0E18A12F82003A3E6F /* MessageUI.framework in Frameworks */,
				7693EF0C18A12F6C003A3E6F /* AddressBook.framework in Frameworks */,
				76126B1618604A9000FD8EA7 /* CoreGraphics.framework in Frameworks */,
				76126B1818604A9000FD8EA7 /* UIKit.framework in Frameworks */,
				76126B1418604A9000FD8EA7 /* Foundation.framework in Frameworks */,
				AC447C47C1CE4C4099D9D769 /* libPods.a in Frameworks */,
			);
			runOnlyForDeploymentPostprocessing = 0;
		};
		76126B2E18604A9000FD8EA7 /* Frameworks */ = {
			isa = PBXFrameworksBuildPhase;
			buildActionMask = 2147483647;
			files = (
				76126B3318604A9000FD8EA7 /* XCTest.framework in Frameworks */,
				76126B3518604A9000FD8EA7 /* UIKit.framework in Frameworks */,
				76126B3418604A9000FD8EA7 /* Foundation.framework in Frameworks */,
			);
			runOnlyForDeploymentPostprocessing = 0;
		};
/* End PBXFrameworksBuildPhase section */

/* Begin PBXGroup section */
		76126B0718604A9000FD8EA7 = {
			isa = PBXGroup;
			children = (
				76126B1918604A9000FD8EA7 /* BackOffice */,
				76126B3818604A9000FD8EA7 /* BackOfficeTests */,
				76126B1218604A9000FD8EA7 /* Frameworks */,
				76126B1118604A9000FD8EA7 /* Products */,
				3A3738CE11A04ABF818B74E8 /* Pods.xcconfig */,
			);
			sourceTree = "<group>";
		};
		76126B1118604A9000FD8EA7 /* Products */ = {
			isa = PBXGroup;
			children = (
				76126B1018604A9000FD8EA7 /* BackOffice.app */,
				76126B3118604A9000FD8EA7 /* BackOfficeTests.xctest */,
			);
			name = Products;
			sourceTree = "<group>";
		};
		76126B1218604A9000FD8EA7 /* Frameworks */ = {
			isa = PBXGroup;
			children = (
				7693EF0D18A12F82003A3E6F /* MessageUI.framework */,
				7693EF0B18A12F6C003A3E6F /* AddressBook.framework */,
				76126B1318604A9000FD8EA7 /* Foundation.framework */,
				76126B1518604A9000FD8EA7 /* CoreGraphics.framework */,
				76126B1718604A9000FD8EA7 /* UIKit.framework */,
				76126B3218604A9000FD8EA7 /* XCTest.framework */,
				8C5A7FD7E3E942B3B9EB22AE /* libPods.a */,
			);
			name = Frameworks;
			sourceTree = "<group>";
		};
		76126B1918604A9000FD8EA7 /* BackOffice */ = {
			isa = PBXGroup;
			children = (
				76126B2218604A9000FD8EA7 /* AppDelegate.h */,
				76126B2318604A9000FD8EA7 /* AppDelegate.m */,
				76126B2518604A9000FD8EA7 /* Main.storyboard */,
				76209C3918D4A63900D04ACB /* MainView */,
				76209C3B18D4A68B00D04ACB /* InfoTable */,
				76209C3A18D4A66100D04ACB /* Team */,
				76209C3C18D4A6E200D04ACB /* Tasks */,
				76126B2818604A9000FD8EA7 /* SignInViewController.h */,
				76126B2918604A9000FD8EA7 /* SignInViewController.m */,
				7693EF1118A22B32003A3E6F /* MBProgressHUD.h */,
				7693EF0F18A22B26003A3E6F /* MBProgressHUD.m */,
				76209C2418D344DA00D04ACB /* UIColor+Color.h */,
				76209C2518D344DA00D04ACB /* UIColor+Color.m */,
				76126B2B18604A9000FD8EA7 /* Images.xcassets */,
				7671ABC318D1D5D500A40694 /* resources */,
				76126B1A18604A9000FD8EA7 /* Supporting Files */,
			);
			path = BackOffice;
			sourceTree = "<group>";
		};
		76126B1A18604A9000FD8EA7 /* Supporting Files */ = {
			isa = PBXGroup;
			children = (
				76126B1B18604A9000FD8EA7 /* BackOffice-Info.plist */,
				76126B1C18604A9000FD8EA7 /* InfoPlist.strings */,
				76126B1F18604A9000FD8EA7 /* main.m */,
				76126B2118604A9000FD8EA7 /* BackOffice-Prefix.pch */,
			);
			name = "Supporting Files";
			sourceTree = "<group>";
		};
		76126B3818604A9000FD8EA7 /* BackOfficeTests */ = {
			isa = PBXGroup;
			children = (
				76126B3E18604A9000FD8EA7 /* BackOfficeTests.m */,
				76126B3918604A9000FD8EA7 /* Supporting Files */,
			);
			path = BackOfficeTests;
			sourceTree = SOURCE_ROOT;
		};
		76126B3918604A9000FD8EA7 /* Supporting Files */ = {
			isa = PBXGroup;
			children = (
				76126B3A18604A9000FD8EA7 /* BackOfficeTests-Info.plist */,
				76126B3B18604A9000FD8EA7 /* InfoPlist.strings */,
			);
			name = "Supporting Files";
			sourceTree = "<group>";
		};
		76209C3918D4A63900D04ACB /* MainView */ = {
			isa = PBXGroup;
			children = (
				76126B4818605ED000FD8EA7 /* MainViewController.h */,
				76126B4918605ED000FD8EA7 /* MainViewController.m */,
				76021A2118D9E9B700E55012 /* UIView+TLMotionEffect.h */,
				76021A2218D9E9C000E55012 /* UIView+TLMotionEffect.m */,
				76209C2A18D4512600D04ACB /* SwipeCellStyle.h */,
				76209C2B18D4512600D04ACB /* SwipeCellStyle.m */,
				76209C2718D3452B00D04ACB /* BackgroundVC.h */,
				76209C2818D3452B00D04ACB /* BackgroundVC.m */,
			);
			name = MainView;
			sourceTree = "<group>";
		};
		76209C3A18D4A66100D04ACB /* Team */ = {
			isa = PBXGroup;
			children = (
				76405FCE18893BDC00D5F6F7 /* TeamViewController.h */,
				76405FCF18893BDC00D5F6F7 /* TeamViewController.m */,
				762ACCAD189BDEB5007F3BF9 /* TeamInfo.h */,
				762ACCAE189BDEB5007F3BF9 /* TeamInfo.m */,
				76B6EFAC189FB617008C5D3D /* CustomCell.h */,
				76B6EFAD189FB617008C5D3D /* CustomCell.m */,
				76B6EFAF18A0CD3D008C5D3D /* PersonInfoVC.h */,
				76B6EFB018A0CD3D008C5D3D /* PersonInfoVC.m */,
				76D779BC18EFF30400D18D56 /* BashSAVC.h */,
				76D779BD18EFF30400D18D56 /* BashSAVC.m */,
			);
			name = Team;
			sourceTree = "<group>";
		};
		76209C3B18D4A68B00D04ACB /* InfoTable */ = {
			isa = PBXGroup;
			children = (
				76126B4B18605EE000FD8EA7 /* InfoViewController.h */,
				76126B4C18605EE000FD8EA7 /* InfoViewController.m */,
				76703A64188FA22400094F73 /* WorkedTableDataSource.h */,
				76703A65188FA22400094F73 /* WorkedTableDataSource.m */,
			);
			name = InfoTable;
			sourceTree = "<group>";
		};
		76209C3C18D4A6E200D04ACB /* Tasks */ = {
			isa = PBXGroup;
			children = (
				76B79E2018AE000F003C6028 /* TaskDetailsViewController.h */,
				76B79E2118AE000F003C6028 /* TaskDetailsViewController.m */,
				76209C3818D488F800D04ACB /* TaskTransactions.h */,
				76209C3618D488EF00D04ACB /* TaskTransactions.m */,
			);
			name = Tasks;
			sourceTree = "<group>";
		};
		7671ABC318D1D5D500A40694 /* resources */ = {
			isa = PBXGroup;
			children = (
				76ED0F7118DF02C1001349DF /* main-online-circle.png */,
				76ED0F6518DC2B46001349DF /* person-date-icon.png */,
				76ED0F6718DC2B46001349DF /* person-dep-ison.png */,
				76ED0F6818DC2B46001349DF /* person-email-icon.png */,
				76ED0F6918DC2B46001349DF /* person-phone-icon.png */,
				76ED0F6A18DC2B46001349DF /* person-skype-icon.png */,
				7670EF3718DB32E200519E17 /* person-vertical-line.png */,
				7670EF3318DAF54B00519E17 /* team-offline-new.png */,
				7670EF3518DAF5E400519E17 /* team-offline-2.png */,
				7670EF2F18DAEF5F00519E17 /* team-online-icon.png */,
				7670EF2D18DAEF5600519E17 /* team-offline-icon.png */,
				76021A1F18D9BC6C00E55012 /* white-cirkle.png */,
				76021A1A18D9996600E55012 /* team-bgr.png */,
				76021A1018D722AE00E55012 /* main-bgr-color.jpg */,
				76021A1118D722AE00E55012 /* main-bgr-gray.jpg */,
				76B86DC718D7122A0090D5C1 /* main-task-for-work.png */,
				76B86DC818D7122A0090D5C1 /* main-task-pause.png */,
				76B86DC918D7122A0090D5C1 /* main-task-work.png */,
				76B86DC518D70A300090D5C1 /* main-points.png */,
				76209C4718D6C6AE00D04ACB /* main-assign.png */,
				76209C4818D6C6AE00D04ACB /* main-done.png */,
				76209C4918D6C6AE00D04ACB /* main-pause.png */,
				76209C4518D6C4B500D04ACB /* main-begin.png */,
				7634FCFE18D1FA8100D5A721 /* main-bgr.png */,
				7634FCFF18D1FA8100D5A721 /* main-team-icon.png */,
				7634FD0018D1FA8100D5A721 /* main-workh-icon.png */,
				7671ABC418D1D5D500A40694 /* login-bgr.png */,
				7671ABC518D1D5D500A40694 /* login-button.png */,
			);
			path = resources;
			sourceTree = "<group>";
		};
/* End PBXGroup section */

/* Begin PBXNativeTarget section */
		76126B0F18604A9000FD8EA7 /* BackOffice */ = {
			isa = PBXNativeTarget;
			buildConfigurationList = 76126B4218604A9000FD8EA7 /* Build configuration list for PBXNativeTarget "BackOffice" */;
			buildPhases = (
				CAEDD22AF39A4DA19B944F64 /* Check Pods Manifest.lock */,
				76126B0C18604A9000FD8EA7 /* Sources */,
				76126B0D18604A9000FD8EA7 /* Frameworks */,
				76126B0E18604A9000FD8EA7 /* Resources */,
				7808839045E4439AB0479A97 /* Copy Pods Resources */,
			);
			buildRules = (
			);
			dependencies = (
			);
			name = BackOffice;
			productName = BackOffice;
			productReference = 76126B1018604A9000FD8EA7 /* BackOffice.app */;
			productType = "com.apple.product-type.application";
		};
		76126B3018604A9000FD8EA7 /* BackOfficeTests */ = {
			isa = PBXNativeTarget;
			buildConfigurationList = 76126B4518604A9000FD8EA7 /* Build configuration list for PBXNativeTarget "BackOfficeTests" */;
			buildPhases = (
				76126B2D18604A9000FD8EA7 /* Sources */,
				76126B2E18604A9000FD8EA7 /* Frameworks */,
				76126B2F18604A9000FD8EA7 /* Resources */,
			);
			buildRules = (
			);
			dependencies = (
				76126B3718604A9000FD8EA7 /* PBXTargetDependency */,
			);
			name = BackOfficeTests;
			productName = BackOfficeTests;
			productReference = 76126B3118604A9000FD8EA7 /* BackOfficeTests.xctest */;
			productType = "com.apple.product-type.bundle.unit-test";
		};
/* End PBXNativeTarget section */

/* Begin PBXProject section */
		76126B0818604A9000FD8EA7 /* Project object */ = {
			isa = PBXProject;
			attributes = {
				LastUpgradeCheck = 0500;
				ORGANIZATIONNAME = "Эльвира Чекменева";
				TargetAttributes = {
					76126B0F18604A9000FD8EA7 = {
						DevelopmentTeam = CT3F4YR9RG;
					};
					76126B3018604A9000FD8EA7 = {
						TestTargetID = 76126B0F18604A9000FD8EA7;
					};
				};
			};
			buildConfigurationList = 76126B0B18604A9000FD8EA7 /* Build configuration list for PBXProject "BackOffice" */;
			compatibilityVersion = "Xcode 3.2";
			developmentRegion = English;
			hasScannedForEncodings = 0;
			knownRegions = (
				en,
				Base,
			);
			mainGroup = 76126B0718604A9000FD8EA7;
			productRefGroup = 76126B1118604A9000FD8EA7 /* Products */;
			projectDirPath = "";
			projectRoot = "";
			targets = (
				76126B0F18604A9000FD8EA7 /* BackOffice */,
				76126B3018604A9000FD8EA7 /* BackOfficeTests */,
			);
		};
/* End PBXProject section */

/* Begin PBXResourcesBuildPhase section */
		76126B0E18604A9000FD8EA7 /* Resources */ = {
			isa = PBXResourcesBuildPhase;
			buildActionMask = 2147483647;
			files = (
				7671ABC718D1D5D500A40694 /* login-button.png in Resources */,
				76ED0F6D18DC2B46001349DF /* person-dep-ison.png in Resources */,
				76209C4B18D6C6AE00D04ACB /* main-done.png in Resources */,
				76B86DCA18D7122A0090D5C1 /* main-task-for-work.png in Resources */,
				7670EF3618DAF5E400519E17 /* team-offline-2.png in Resources */,
				76B86DCB18D7122A0090D5C1 /* main-task-pause.png in Resources */,
				76021A1218D722AE00E55012 /* main-bgr-color.jpg in Resources */,
				76B86DC618D70A300090D5C1 /* main-points.png in Resources */,
				7670EF2E18DAEF5600519E17 /* team-offline-icon.png in Resources */,
				7634FD0318D1FA8100D5A721 /* main-workh-icon.png in Resources */,
				76021A2018D9BC6C00E55012 /* white-cirkle.png in Resources */,
				76126B2C18604A9000FD8EA7 /* Images.xcassets in Resources */,
				76209C4A18D6C6AE00D04ACB /* main-assign.png in Resources */,
				76209C4C18D6C6AE00D04ACB /* main-pause.png in Resources */,
				7670EF3418DAF54B00519E17 /* team-offline-new.png in Resources */,
				7670EF3018DAEF5F00519E17 /* team-online-icon.png in Resources */,
				7671ABC618D1D5D500A40694 /* login-bgr.png in Resources */,
				76209C4618D6C4B500D04ACB /* main-begin.png in Resources */,
				76B86DCC18D7122A0090D5C1 /* main-task-work.png in Resources */,
				76ED0F7218DF02C1001349DF /* main-online-circle.png in Resources */,
				76021A1B18D9996600E55012 /* team-bgr.png in Resources */,
				7634FD0218D1FA8100D5A721 /* main-team-icon.png in Resources */,
				76ED0F6E18DC2B46001349DF /* person-email-icon.png in Resources */,
				76126B1E18604A9000FD8EA7 /* InfoPlist.strings in Resources */,
				76021A1318D722AE00E55012 /* main-bgr-gray.jpg in Resources */,
				76ED0F7018DC2B46001349DF /* person-skype-icon.png in Resources */,
				7634FD0118D1FA8100D5A721 /* main-bgr.png in Resources */,
				76ED0F6B18DC2B46001349DF /* person-date-icon.png in Resources */,
				7670EF3818DB32E200519E17 /* person-vertical-line.png in Resources */,
				76ED0F6F18DC2B46001349DF /* person-phone-icon.png in Resources */,
				76126B2718604A9000FD8EA7 /* Main.storyboard in Resources */,
			);
			runOnlyForDeploymentPostprocessing = 0;
		};
		76126B2F18604A9000FD8EA7 /* Resources */ = {
			isa = PBXResourcesBuildPhase;
			buildActionMask = 2147483647;
			files = (
				76126B3D18604A9000FD8EA7 /* InfoPlist.strings in Resources */,
			);
			runOnlyForDeploymentPostprocessing = 0;
		};
/* End PBXResourcesBuildPhase section */

/* Begin PBXShellScriptBuildPhase section */
		7808839045E4439AB0479A97 /* Copy Pods Resources */ = {
			isa = PBXShellScriptBuildPhase;
			buildActionMask = 2147483647;
			files = (
			);
			inputPaths = (
			);
			name = "Copy Pods Resources";
			outputPaths = (
			);
			runOnlyForDeploymentPostprocessing = 0;
			shellPath = /bin/sh;
			shellScript = "\"${SRCROOT}/Pods/Pods-resources.sh\"\n";
			showEnvVarsInLog = 0;
		};
		CAEDD22AF39A4DA19B944F64 /* Check Pods Manifest.lock */ = {
			isa = PBXShellScriptBuildPhase;
			buildActionMask = 2147483647;
			files = (
			);
			inputPaths = (
			);
			name = "Check Pods Manifest.lock";
			outputPaths = (
			);
			runOnlyForDeploymentPostprocessing = 0;
			shellPath = /bin/sh;
			shellScript = "diff \"${PODS_ROOT}/../Podfile.lock\" \"${PODS_ROOT}/Manifest.lock\" > /dev/null\nif [[ $? != 0 ]] ; then\n    cat << EOM\nerror: The sandbox is not in sync with the Podfile.lock. Run 'pod install' or update your CocoaPods installation.\nEOM\n    exit 1\nfi\n";
			showEnvVarsInLog = 0;
		};
/* End PBXShellScriptBuildPhase section */

/* Begin PBXSourcesBuildPhase section */
		76126B0C18604A9000FD8EA7 /* Sources */ = {
			isa = PBXSourcesBuildPhase;
			buildActionMask = 2147483647;
			files = (
				76209C2918D3452B00D04ACB /* BackgroundVC.m in Sources */,
				76405FD018893BDC00D5F6F7 /* TeamViewController.m in Sources */,
				76703A66188FA22400094F73 /* WorkedTableDataSource.m in Sources */,
				76209C2C18D4512600D04ACB /* SwipeCellStyle.m in Sources */,
				76D779BE18EFF30500D18D56 /* BashSAVC.m in Sources */,
				76B79E2218AE000F003C6028 /* TaskDetailsViewController.m in Sources */,
				76126B2A18604A9000FD8EA7 /* SignInViewController.m in Sources */,
				76126B2418604A9000FD8EA7 /* AppDelegate.m in Sources */,
				7693EF1018A22B26003A3E6F /* MBProgressHUD.m in Sources */,
				76B6EFAE189FB617008C5D3D /* CustomCell.m in Sources */,
				76126B2018604A9000FD8EA7 /* main.m in Sources */,
				76209C3718D488EF00D04ACB /* TaskTransactions.m in Sources */,
				762ACCAF189BDEB5007F3BF9 /* TeamInfo.m in Sources */,
				76B6EFB118A0CD3D008C5D3D /* PersonInfoVC.m in Sources */,
				76126B4D18605EE000FD8EA7 /* InfoViewController.m in Sources */,
				76021A2318D9E9C000E55012 /* UIView+TLMotionEffect.m in Sources */,
				76209C2618D344DA00D04ACB /* UIColor+Color.m in Sources */,
				76126B4A18605ED000FD8EA7 /* MainViewController.m in Sources */,
			);
			runOnlyForDeploymentPostprocessing = 0;
		};
		76126B2D18604A9000FD8EA7 /* Sources */ = {
			isa = PBXSourcesBuildPhase;
			buildActionMask = 2147483647;
			files = (
				76126B3F18604A9000FD8EA7 /* BackOfficeTests.m in Sources */,
			);
			runOnlyForDeploymentPostprocessing = 0;
		};
/* End PBXSourcesBuildPhase section */

/* Begin PBXTargetDependency section */
		76126B3718604A9000FD8EA7 /* PBXTargetDependency */ = {
			isa = PBXTargetDependency;
			target = 76126B0F18604A9000FD8EA7 /* BackOffice */;
			targetProxy = 76126B3618604A9000FD8EA7 /* PBXContainerItemProxy */;
		};
/* End PBXTargetDependency section */

/* Begin PBXVariantGroup section */
		76126B1C18604A9000FD8EA7 /* InfoPlist.strings */ = {
			isa = PBXVariantGroup;
			children = (
				76126B1D18604A9000FD8EA7 /* en */,
			);
			name = InfoPlist.strings;
			sourceTree = "<group>";
		};
		76126B2518604A9000FD8EA7 /* Main.storyboard */ = {
			isa = PBXVariantGroup;
			children = (
				76126B2618604A9000FD8EA7 /* Base */,
			);
			name = Main.storyboard;
			sourceTree = "<group>";
		};
		76126B3B18604A9000FD8EA7 /* InfoPlist.strings */ = {
			isa = PBXVariantGroup;
			children = (
				76126B3C18604A9000FD8EA7 /* en */,
			);
			name = InfoPlist.strings;
			sourceTree = "<group>";
		};
/* End PBXVariantGroup section */

/* Begin XCBuildConfiguration section */
		76126B4018604A9000FD8EA7 /* Debug */ = {
			isa = XCBuildConfiguration;
			buildSettings = {
				ALWAYS_SEARCH_USER_PATHS = NO;
				ARCHS = "$(ARCHS_STANDARD_INCLUDING_64_BIT)";
				CLANG_CXX_LANGUAGE_STANDARD = "gnu++0x";
				CLANG_CXX_LIBRARY = "libc++";
				CLANG_ENABLE_MODULES = YES;
				CLANG_ENABLE_OBJC_ARC = YES;
				CLANG_WARN_BOOL_CONVERSION = YES;
				CLANG_WARN_CONSTANT_CONVERSION = YES;
				CLANG_WARN_DIRECT_OBJC_ISA_USAGE = YES_ERROR;
				CLANG_WARN_EMPTY_BODY = YES;
				CLANG_WARN_ENUM_CONVERSION = YES;
				CLANG_WARN_INT_CONVERSION = YES;
				CLANG_WARN_OBJC_ROOT_CLASS = YES_ERROR;
				CLANG_WARN__DUPLICATE_METHOD_MATCH = YES;
				"CODE_SIGN_IDENTITY[sdk=iphoneos*]" = "iPhone Developer";
				COPY_PHASE_STRIP = NO;
				GCC_C_LANGUAGE_STANDARD = gnu99;
				GCC_DYNAMIC_NO_PIC = NO;
				GCC_OPTIMIZATION_LEVEL = 0;
				GCC_PREPROCESSOR_DEFINITIONS = (
					"DEBUG=1",
					"$(inherited)",
				);
				GCC_SYMBOLS_PRIVATE_EXTERN = NO;
				GCC_WARN_64_TO_32_BIT_CONVERSION = YES;
				GCC_WARN_ABOUT_RETURN_TYPE = YES_ERROR;
				GCC_WARN_UNDECLARED_SELECTOR = YES;
				GCC_WARN_UNINITIALIZED_AUTOS = YES;
				GCC_WARN_UNUSED_FUNCTION = YES;
				GCC_WARN_UNUSED_VARIABLE = YES;
				IPHONEOS_DEPLOYMENT_TARGET = 7.0;
				ONLY_ACTIVE_ARCH = YES;
				SDKROOT = iphoneos;
			};
			name = Debug;
		};
		76126B4118604A9000FD8EA7 /* Release */ = {
			isa = XCBuildConfiguration;
			buildSettings = {
				ALWAYS_SEARCH_USER_PATHS = NO;
				ARCHS = "$(ARCHS_STANDARD_INCLUDING_64_BIT)";
				CLANG_CXX_LANGUAGE_STANDARD = "gnu++0x";
				CLANG_CXX_LIBRARY = "libc++";
				CLANG_ENABLE_MODULES = YES;
				CLANG_ENABLE_OBJC_ARC = YES;
				CLANG_WARN_BOOL_CONVERSION = YES;
				CLANG_WARN_CONSTANT_CONVERSION = YES;
				CLANG_WARN_DIRECT_OBJC_ISA_USAGE = YES_ERROR;
				CLANG_WARN_EMPTY_BODY = YES;
				CLANG_WARN_ENUM_CONVERSION = YES;
				CLANG_WARN_INT_CONVERSION = YES;
				CLANG_WARN_OBJC_ROOT_CLASS = YES_ERROR;
				CLANG_WARN__DUPLICATE_METHOD_MATCH = YES;
				"CODE_SIGN_IDENTITY[sdk=iphoneos*]" = "iPhone Developer";
				COPY_PHASE_STRIP = YES;
				ENABLE_NS_ASSERTIONS = NO;
				GCC_C_LANGUAGE_STANDARD = gnu99;
				GCC_WARN_64_TO_32_BIT_CONVERSION = YES;
				GCC_WARN_ABOUT_RETURN_TYPE = YES_ERROR;
				GCC_WARN_UNDECLARED_SELECTOR = YES;
				GCC_WARN_UNINITIALIZED_AUTOS = YES;
				GCC_WARN_UNUSED_FUNCTION = YES;
				GCC_WARN_UNUSED_VARIABLE = YES;
				IPHONEOS_DEPLOYMENT_TARGET = 7.0;
				SDKROOT = iphoneos;
				VALIDATE_PRODUCT = YES;
			};
			name = Release;
		};
		76126B4318604A9000FD8EA7 /* Debug */ = {
			isa = XCBuildConfiguration;
			baseConfigurationReference = 3A3738CE11A04ABF818B74E8 /* Pods.xcconfig */;
			buildSettings = {
				ASSETCATALOG_COMPILER_APPICON_NAME = AppIcon;
				ASSETCATALOG_COMPILER_LAUNCHIMAGE_NAME = LaunchImage;
				CODE_SIGN_IDENTITY = "iPhone Developer";
				"CODE_SIGN_IDENTITY[sdk=iphoneos*]" = "iPhone Developer";
				GCC_PRECOMPILE_PREFIX_HEADER = YES;
				GCC_PREFIX_HEADER = "BackOffice/BackOffice-Prefix.pch";
				INFOPLIST_FILE = "BackOffice/BackOffice-Info.plist";
				PRODUCT_NAME = "$(TARGET_NAME)";
				PROVISIONING_PROFILE = "";
				WRAPPER_EXTENSION = app;
			};
			name = Debug;
		};
		76126B4418604A9000FD8EA7 /* Release */ = {
			isa = XCBuildConfiguration;
			baseConfigurationReference = 3A3738CE11A04ABF818B74E8 /* Pods.xcconfig */;
			buildSettings = {
				ASSETCATALOG_COMPILER_APPICON_NAME = AppIcon;
				ASSETCATALOG_COMPILER_LAUNCHIMAGE_NAME = LaunchImage;
				CODE_SIGN_IDENTITY = "iPhone Developer";
				"CODE_SIGN_IDENTITY[sdk=iphoneos*]" = "iPhone Developer";
				GCC_PRECOMPILE_PREFIX_HEADER = YES;
				GCC_PREFIX_HEADER = "BackOffice/BackOffice-Prefix.pch";
				INFOPLIST_FILE = "BackOffice/BackOffice-Info.plist";
				PRODUCT_NAME = "$(TARGET_NAME)";
				PROVISIONING_PROFILE = "";
				WRAPPER_EXTENSION = app;
			};
			name = Release;
		};
		76126B4618604A9000FD8EA7 /* Debug */ = {
			isa = XCBuildConfiguration;
			buildSettings = {
				ARCHS = "$(ARCHS_STANDARD_INCLUDING_64_BIT)";
				BUNDLE_LOADER = "$(BUILT_PRODUCTS_DIR)/BackOffice.app/BackOffice";
				FRAMEWORK_SEARCH_PATHS = (
					"$(SDKROOT)/Developer/Library/Frameworks",
					"$(inherited)",
					"$(DEVELOPER_FRAMEWORKS_DIR)",
				);
				GCC_PRECOMPILE_PREFIX_HEADER = YES;
				GCC_PREFIX_HEADER = "BackOffice/BackOffice-Prefix.pch";
				GCC_PREPROCESSOR_DEFINITIONS = (
					"DEBUG=1",
					"$(inherited)",
				);
				INFOPLIST_FILE = "BackOfficeTests/BackOfficeTests-Info.plist";
				PRODUCT_NAME = "$(TARGET_NAME)";
				TEST_HOST = "$(BUNDLE_LOADER)";
				WRAPPER_EXTENSION = xctest;
			};
			name = Debug;
		};
		76126B4718604A9000FD8EA7 /* Release */ = {
			isa = XCBuildConfiguration;
			buildSettings = {
				ARCHS = "$(ARCHS_STANDARD_INCLUDING_64_BIT)";
				BUNDLE_LOADER = "$(BUILT_PRODUCTS_DIR)/BackOffice.app/BackOffice";
				FRAMEWORK_SEARCH_PATHS = (
					"$(SDKROOT)/Developer/Library/Frameworks",
					"$(inherited)",
					"$(DEVELOPER_FRAMEWORKS_DIR)",
				);
				GCC_PRECOMPILE_PREFIX_HEADER = YES;
				GCC_PREFIX_HEADER = "BackOffice/BackOffice-Prefix.pch";
				INFOPLIST_FILE = "BackOfficeTests/BackOfficeTests-Info.plist";
				PRODUCT_NAME = "$(TARGET_NAME)";
				TEST_HOST = "$(BUNDLE_LOADER)";
				WRAPPER_EXTENSION = xctest;
			};
			name = Release;
		};
/* End XCBuildConfiguration section */

/* Begin XCConfigurationList section */
		76126B0B18604A9000FD8EA7 /* Build configuration list for PBXProject "BackOffice" */ = {
			isa = XCConfigurationList;
			buildConfigurations = (
				76126B4018604A9000FD8EA7 /* Debug */,
				76126B4118604A9000FD8EA7 /* Release */,
			);
			defaultConfigurationIsVisible = 0;
			defaultConfigurationName = Release;
		};
		76126B4218604A9000FD8EA7 /* Build configuration list for PBXNativeTarget "BackOffice" */ = {
			isa = XCConfigurationList;
			buildConfigurations = (
				76126B4318604A9000FD8EA7 /* Debug */,
				76126B4418604A9000FD8EA7 /* Release */,
			);
			defaultConfigurationIsVisible = 0;
			defaultConfigurationName = Release;
		};
		76126B4518604A9000FD8EA7 /* Build configuration list for PBXNativeTarget "BackOfficeTests" */ = {
			isa = XCConfigurationList;
			buildConfigurations = (
				76126B4618604A9000FD8EA7 /* Debug */,
				76126B4718604A9000FD8EA7 /* Release */,
			);
			defaultConfigurationIsVisible = 0;
			defaultConfigurationName = Release;
		};
/* End XCConfigurationList section */
	};
	rootObject = 76126B0818604A9000FD8EA7 /* Project object */;
}
